
Microsoft Visual Studio Solution File, Format Version 12.00
# Visual Studio Version 16
VisualStudioVersion = 16.0.31112.23
MinimumVisualStudioVersion = 10.0.40219.1
Project("{FAE04EC0-301F-11D3-BF4B-00C04F79EFBC}") = "polygon-shading", "polygon-editor\polygon-shading.csproj", "{51CDE4ED-91C7-4C9B-A1B5-BA92719AB300}"
EndProject
Global
	GlobalSection(SolutionConfigurationPlatforms) = preSolution
		Debug|Any CPU = Debug|Any CPU
		Release|Any CPU = Release|Any CPU
	EndGlobalSection
	GlobalSection(ProjectConfigurationPlatforms) = postSolution
		{51CDE4ED-91C7-4C9B-A1B5-BA92719AB300}.Debug|Any CPU.ActiveCfg = Debug|Any CPU
		{51CDE4ED-91C7-4C9B-A1B5-BA92719AB300}.Debug|Any CPU.Build.0 = Debug|Any CPU
		{51CDE4ED-91C7-4C9B-A1B5-BA92719AB300}.Release|Any CPU.ActiveCfg = Release|Any CPU
		{51CDE4ED-91C7-4C9B-A1B5-BA92719AB300}.Release|Any CPU.Build.0 = Release|Any CPU
	EndGlobalSection
	GlobalSection(SolutionProperties) = preSolution
		HideSolutionNode = FALSE
	EndGlobalSection
	GlobalSection(ExtensibilityGlobals) = postSolution
		SolutionGuid = {096F4CE6-7361-4A41-BB4B-BD9356C154BE}
	EndGlobalSection
EndGlobal
